
Microsoft Visual Studio Solution File, Format Version 12.00
# Visual Studio Version 16
VisualStudioVersion = 16.0.29020.237
MinimumVisualStudioVersion = 10.0.40219.1
Project("{8BC9CEB8-8B4A-11D0-8D11-00A0C91BC942}") = "DoublyLinkedList", "DoublyLinkedList\DoublyLinkedList.vcxproj", "{CFAE5758-A440-47BD-8000-FB85ED993BA1}"
EndProject
Project("{8BC9CEB8-8B4A-11D0-8D11-00A0C91BC942}") = "LinkedList", "LinkedList\LinkedList.vcxproj", "{629830A9-8E2B-4A93-A5ED-24339E274E1F}"
EndProject
Project("{8BC9CEB8-8B4A-11D0-8D11-00A0C91BC942}") = "MaxHeapArray", "MaxHeapArray\MaxHeapArray.vcxproj", "{5C1174CD-4106-4A2B-9B10-D8774FDCC6FE}"
EndProject
Project("{8BC9CEB8-8B4A-11D0-8D11-00A0C91BC942}") = "MinHeapArray", "MinHeapArray\MinHeapArray.vcxproj", "{94A9C079-AB6C-4C8C-8A7D-20B7195C24BA}"
EndProject
Global
	GlobalSection(SolutionConfigurationPlatforms) = preSolution
		Debug|x64 = Debug|x64
		Debug|x86 = Debug|x86
		Release|x64 = Release|x64
		Release|x86 = Release|x86
	EndGlobalSection
	GlobalSection(ProjectConfigurationPlatforms) = postSolution
		{CFAE5758-A440-47BD-8000-FB85ED993BA1}.Debug|x64.ActiveCfg = Debug|x64
		{CFAE5758-A440-47BD-8000-FB85ED993BA1}.Debug|x64.Build.0 = Debug|x64
		{CFAE5758-A440-47BD-8000-FB85ED993BA1}.Debug|x86.ActiveCfg = Debug|Win32
		{CFAE5758-A440-47BD-8000-FB85ED993BA1}.Debug|x86.Build.0 = Debug|Win32
		{CFAE5758-A440-47BD-8000-FB85ED993BA1}.Release|x64.ActiveCfg = Release|x64
		{CFAE5758-A440-47BD-8000-FB85ED993BA1}.Release|x64.Build.0 = Release|x64
		{CFAE5758-A440-47BD-8000-FB85ED993BA1}.Release|x86.ActiveCfg = Release|Win32
		{CFAE5758-A440-47BD-8000-FB85ED993BA1}.Release|x86.Build.0 = Release|Win32
		{629830A9-8E2B-4A93-A5ED-24339E274E1F}.Debug|x64.ActiveCfg = Debug|x64
		{629830A9-8E2B-4A93-A5ED-24339E274E1F}.Debug|x64.Build.0 = Debug|x64
		{629830A9-8E2B-4A93-A5ED-24339E274E1F}.Debug|x86.ActiveCfg = Debug|Win32
		{629830A9-8E2B-4A93-A5ED-24339E274E1F}.Debug|x86.Build.0 = Debug|Win32
		{629830A9-8E2B-4A93-A5ED-24339E274E1F}.Release|x64.ActiveCfg = Release|x64
		{629830A9-8E2B-4A93-A5ED-24339E274E1F}.Release|x64.Build.0 = Release|x64
		{629830A9-8E2B-4A93-A5ED-24339E274E1F}.Release|x86.ActiveCfg = Release|Win32
		{629830A9-8E2B-4A93-A5ED-24339E274E1F}.Release|x86.Build.0 = Release|Win32
		{5C1174CD-4106-4A2B-9B10-D8774FDCC6FE}.Debug|x64.ActiveCfg = Debug|x64
		{5C1174CD-4106-4A2B-9B10-D8774FDCC6FE}.Debug|x64.Build.0 = Debug|x64
		{5C1174CD-4106-4A2B-9B10-D8774FDCC6FE}.Debug|x86.ActiveCfg = Debug|Win32
		{5C1174CD-4106-4A2B-9B10-D8774FDCC6FE}.Debug|x86.Build.0 = Debug|Win32
		{5C1174CD-4106-4A2B-9B10-D8774FDCC6FE}.Release|x64.ActiveCfg = Release|x64
		{5C1174CD-4106-4A2B-9B10-D8774FDCC6FE}.Release|x64.Build.0 = Release|x64
		{5C1174CD-4106-4A2B-9B10-D8774FDCC6FE}.Release|x86.ActiveCfg = Release|Win32
		{5C1174CD-4106-4A2B-9B10-D8774FDCC6FE}.Release|x86.Build.0 = Release|Win32
		{94A9C079-AB6C-4C8C-8A7D-20B7195C24BA}.Debug|x64.ActiveCfg = Debug|x64
		{94A9C079-AB6C-4C8C-8A7D-20B7195C24BA}.Debug|x64.Build.0 = Debug|x64
		{94A9C079-AB6C-4C8C-8A7D-20B7195C24BA}.Debug|x86.ActiveCfg = Debug|Win32
		{94A9C079-AB6C-4C8C-8A7D-20B7195C24BA}.Debug|x86.Build.0 = Debug|Win32
		{94A9C079-AB6C-4C8C-8A7D-20B7195C24BA}.Release|x64.ActiveCfg = Release|x64
		{94A9C079-AB6C-4C8C-8A7D-20B7195C24BA}.Release|x64.Build.0 = Release|x64
		{94A9C079-AB6C-4C8C-8A7D-20B7195C24BA}.Release|x86.ActiveCfg = Release|Win32
		{94A9C079-AB6C-4C8C-8A7D-20B7195C24BA}.Release|x86.Build.0 = Release|Win32
	EndGlobalSection
	GlobalSection(SolutionProperties) = preSolution
		HideSolutionNode = FALSE
	EndGlobalSection
	GlobalSection(ExtensibilityGlobals) = postSolution
		SolutionGuid = {D0FB43A0-D95F-49AD-998B-FE962764F6C4}
	EndGlobalSection
EndGlobal
