<?xml version="1.0" encoding="utf-8"?>
<Project ToolsVersion="4.0" xmlns="http://schemas.microsoft.com/developer/msbuild/2003">
  <ItemGroup>
    <Filter Include="Source Files">
      <UniqueIdentifier>{4FC737F1-C7A5-4376-A066-2A32D752A2FF}</UniqueIdentifier>
      <Extensions>cpp;c;cc;cxx;def;odl;idl;hpj;bat;asm;asmx</Extensions>
    </Filter>
    <Filter Include="Header Files">
      <UniqueIdentifier>{93995380-89BD-4b04-88EB-625FBE52EBFB}</UniqueIdentifier>
      <Extensions>h;hh;hpp;hxx;hm;inl;inc;ipp;xsd</Extensions>
    </Filter>
    <Filter Include="Resource Files">
      <UniqueIdentifier>{67DA6AB6-F800-4c08-8B7A-83BB121AAD01}</UniqueIdentifier>
      <Extensions>rc;ico;cur;bmp;dlg;rc2;rct;bin;rgs;gif;jpg;jpeg;jpe;resx;tiff;tif;png;wav;mfcribbon-ms</Extensions>
    </Filter>
    <Filter Include="Header Files\Algorithms">
      <UniqueIdentifier>{a541b84e-03b2-4264-90fe-6a06ca16dd5b}</UniqueIdentifier>
    </Filter>
    <Filter Include="Header Files\Data Structures">
      <UniqueIdentifier>{5913d621-cc62-4fad-a720-3d7755f2c768}</UniqueIdentifier>
    </Filter>
  </ItemGroup>
  <ItemGroup>
    <ClCompile Include="c++.cpp">
      <Filter>Source Files</Filter>
    </ClCompile>
    <ClCompile Include="..\..\algorithms\c++\bubbleSort.cpp">
      <Filter>Header Files\Algorithms</Filter>
    </ClCompile>
    <ClCompile Include="..\..\algorithms\c++\insertionSort.cpp">
      <Filter>Header Files\Algorithms</Filter>
    </ClCompile>
    <ClCompile Include="..\..\algorithms\c++\quickSort.cpp">
      <Filter>Header Files\Algorithms</Filter>
    </ClCompile>
    <ClCompile Include="depthFirstSearch.cpp">
      <Filter>Header Files\Algorithms</Filter>
    </ClCompile>
    <ClCompile Include="breadthFirstSearch.cpp">
      <Filter>Header Files\Algorithms</Filter>
    </ClCompile>
  </ItemGroup>
  <ItemGroup>
    <ClInclude Include="..\..\data structures\c++\BinarySearchTree.h">
      <Filter>Header Files\Data Structures</Filter>
    </ClInclude>
    <ClInclude Include="..\..\data structures\c++\DoublyLinkedList.h">
      <Filter>Header Files\Data Structures</Filter>
    </ClInclude>
    <ClInclude Include="..\..\data structures\c++\LinkedList.h">
      <Filter>Header Files\Data Structures</Filter>
    </ClInclude>
    <ClInclude Include="..\..\data structures\c++\MaxHeapArray.h">
      <Filter>Header Files\Data Structures</Filter>
    </ClInclude>
    <ClInclude Include="..\..\data structures\c++\MinHeapArray.h">
      <Filter>Header Files\Data Structures</Filter>
    </ClInclude>
    <ClInclude Include="..\..\data structures\c++\RedBlackTree.h">
      <Filter>Header Files\Data Structures</Filter>
    </ClInclude>
    <ClInclude Include="..\..\algorithms\c++\bubbleSort.h">
      <Filter>Header Files\Algorithms</Filter>
    </ClInclude>
    <ClInclude Include="..\..\algorithms\c++\insertionSort.h">
      <Filter>Header Files\Algorithms</Filter>
    </ClInclude>
    <ClInclude Include="..\..\algorithms\c++\quickSort.h">
      <Filter>Header Files\Algorithms</Filter>
    </ClInclude>
    <ClInclude Include="..\..\data structures\c++\GraphDirectedList.h">
      <Filter>Header Files\Data Structures</Filter>
    </ClInclude>
    <ClInclude Include="depthFirstSearch.h">
      <Filter>Header Files\Algorithms</Filter>
    </ClInclude>
    <ClInclude Include="..\..\data structures\c++\Graph.h">
      <Filter>Header Files\Data Structures</Filter>
    </ClInclude>
    <ClInclude Include="breadthFirstSearch.h">
      <Filter>Header Files\Algorithms</Filter>
    </ClInclude>
  </ItemGroup>
</Project>